// !$*UTF8*$!
{
	archiveVersion = 1;
	classes = {
	};
	objectVersion = 50;
	objects = {

/* Begin PBXBuildFile section */
		1146CE5F260E5D460079499F /* H4K0R_NewsApp.swift in Sources */ = {isa = PBXBuildFile; fileRef = 1146CE5E260E5D460079499F /* H4K0R_NewsApp.swift */; };
		1146CE63260E5D4A0079499F /* Assets.xcassets in Resources */ = {isa = PBXBuildFile; fileRef = 1146CE62260E5D4A0079499F /* Assets.xcassets */; };
		1146CE66260E5D4A0079499F /* Preview Assets.xcassets in Resources */ = {isa = PBXBuildFile; fileRef = 1146CE65260E5D4A0079499F /* Preview Assets.xcassets */; };
		1146CE70260E64930079499F /* NetworkManager.swift in Sources */ = {isa = PBXBuildFile; fileRef = 1146CE6F260E64930079499F /* NetworkManager.swift */; };
		1146CE74260E6C1D0079499F /* PostData.swift in Sources */ = {isa = PBXBuildFile; fileRef = 1146CE73260E6C1D0079499F /* PostData.swift */; };
		1146CE80260E8B730079499F /* DetailView.swift in Sources */ = {isa = PBXBuildFile; fileRef = 1146CE7F260E8B730079499F /* DetailView.swift */; };
		1146CE8A260F63E30079499F /* H4K0R-News.app in Resources */ = {isa = PBXBuildFile; fileRef = 1146CE5B260E5D460079499F /* H4K0R-News.app */; };
		1166C428260F83AB00E5EFD0 /* ContentView.swift in Sources */ = {isa = PBXBuildFile; fileRef = 1146CE60260E5D460079499F /* ContentView.swift */; };
		1166C42B260FE20200E5EFD0 /* WebView.swift in Sources */ = {isa = PBXBuildFile; fileRef = 1166C42A260FE20200E5EFD0 /* WebView.swift */; };
/* End PBXBuildFile section */

/* Begin PBXFileReference section */
		1146CE5B260E5D460079499F /* H4K0R-News.app */ = {isa = PBXFileReference; explicitFileType = wrapper.application; includeInIndex = 0; path = "H4K0R-News.app"; sourceTree = BUILT_PRODUCTS_DIR; };
		1146CE5E260E5D460079499F /* H4K0R_NewsApp.swift */ = {isa = PBXFileReference; lastKnownFileType = sourcecode.swift; path = H4K0R_NewsApp.swift; sourceTree = "<group>"; };
		1146CE60260E5D460079499F /* ContentView.swift */ = {isa = PBXFileReference; fileEncoding = 10; lastKnownFileType = sourcecode.swift; path = ContentView.swift; sourceTree = "<group>"; usesTabs = 0; };
		1146CE62260E5D4A0079499F /* Assets.xcassets */ = {isa = PBXFileReference; lastKnownFileType = folder.assetcatalog; path = Assets.xcassets; sourceTree = "<group>"; };
		1146CE65260E5D4A0079499F /* Preview Assets.xcassets */ = {isa = PBXFileReference; lastKnownFileType = folder.assetcatalog; path = "Preview Assets.xcassets"; sourceTree = "<group>"; };
		1146CE67260E5D4A0079499F /* Info.plist */ = {isa = PBXFileReference; lastKnownFileType = text.plist.xml; path = Info.plist; sourceTree = "<group>"; };
		1146CE6F260E64930079499F /* NetworkManager.swift */ = {isa = PBXFileReference; lastKnownFileType = sourcecode.swift; path = NetworkManager.swift; sourceTree = "<group>"; };
		1146CE73260E6C1D0079499F /* PostData.swift */ = {isa = PBXFileReference; lastKnownFileType = sourcecode.swift; path = PostData.swift; sourceTree = "<group>"; };
		1146CE7F260E8B730079499F /* DetailView.swift */ = {isa = PBXFileReference; lastKnownFileType = sourcecode.swift; path = DetailView.swift; sourceTree = "<group>"; };
		1166C42A260FE20200E5EFD0 /* WebView.swift */ = {isa = PBXFileReference; lastKnownFileType = sourcecode.swift; path = WebView.swift; sourceTree = "<group>"; };
/* End PBXFileReference section */

/* Begin PBXFrameworksBuildPhase section */
		1146CE58260E5D460079499F /* Frameworks */ = {
			isa = PBXFrameworksBuildPhase;
			buildActionMask = 2147483647;
			files = (
			);
			runOnlyForDeploymentPostprocessing = 0;
		};
/* End PBXFrameworksBuildPhase section */

/* Begin PBXGroup section */
		1146CE52260E5D460079499F = {
			isa = PBXGroup;
			children = (
				1146CE5D260E5D460079499F /* H4K0R-News */,
				1146CE5C260E5D460079499F /* Products */,
			);
			sourceTree = "<group>";
		};
		1146CE5C260E5D460079499F /* Products */ = {
			isa = PBXGroup;
			children = (
				1146CE5B260E5D460079499F /* H4K0R-News.app */,
			);
			name = Products;
			sourceTree = "<group>";
		};
		1146CE5D260E5D460079499F /* H4K0R-News */ = {
			isa = PBXGroup;
			children = (
				1146CE5E260E5D460079499F /* H4K0R_NewsApp.swift */,
				1146CE6E260E64780079499F /* Models */,
				1146CE7D260E8B5A0079499F /* Views */,
				1146CE62260E5D4A0079499F /* Assets.xcassets */,
				1146CE67260E5D4A0079499F /* Info.plist */,
				1146CE64260E5D4A0079499F /* Preview Content */,
			);
			path = "H4K0R-News";
			sourceTree = "<group>";
		};
		1146CE64260E5D4A0079499F /* Preview Content */ = {
			isa = PBXGroup;
			children = (
				1146CE65260E5D4A0079499F /* Preview Assets.xcassets */,
			);
			path = "Preview Content";
			sourceTree = "<group>";
		};
		1146CE6E260E64780079499F /* Models */ = {
			isa = PBXGroup;
			children = (
				1146CE6F260E64930079499F /* NetworkManager.swift */,
				1146CE73260E6C1D0079499F /* PostData.swift */,
			);
			path = Models;
			sourceTree = "<group>";
		};
		1146CE7D260E8B5A0079499F /* Views */ = {
			isa = PBXGroup;
			children = (
				1146CE60260E5D460079499F /* ContentView.swift */,
				1146CE7F260E8B730079499F /* DetailView.swift */,
				1166C42A260FE20200E5EFD0 /* WebView.swift */,
			);
			path = Views;
			sourceTree = "<group>";
		};
/* End PBXGroup section */

/* Begin PBXNativeTarget section */
		1146CE5A260E5D460079499F /* H4K0R-News */ = {
			isa = PBXNativeTarget;
			buildConfigurationList = 1146CE6A260E5D4A0079499F /* Build configuration list for PBXNativeTarget "H4K0R-News" */;
			buildPhases = (
				1146CE57260E5D460079499F /* Sources */,
				1146CE58260E5D460079499F /* Frameworks */,
				1146CE59260E5D460079499F /* Resources */,
			);
			buildRules = (
			);
			dependencies = (
			);
			name = "H4K0R-News";
			productName = "H4K0R-News";
			productReference = 1146CE5B260E5D460079499F /* H4K0R-News.app */;
			productType = "com.apple.product-type.application";
		};
/* End PBXNativeTarget section */

/* Begin PBXProject section */
		1146CE53260E5D460079499F /* Project object */ = {
			isa = PBXProject;
			attributes = {
				LastSwiftUpdateCheck = 1240;
				LastUpgradeCheck = 1240;
				TargetAttributes = {
					1146CE5A260E5D460079499F = {
						CreatedOnToolsVersion = 12.4;
					};
				};
			};
			buildConfigurationList = 1146CE56260E5D460079499F /* Build configuration list for PBXProject "H4K0R-News" */;
			compatibilityVersion = "Xcode 9.3";
			developmentRegion = en;
			hasScannedForEncodings = 0;
			knownRegions = (
				en,
				Base,
			);
			mainGroup = 1146CE52260E5D460079499F;
			productRefGroup = 1146CE5C260E5D460079499F /* Products */;
			projectDirPath = "";
			projectRoot = "";
			targets = (
				1146CE5A260E5D460079499F /* H4K0R-News */,
			);
		};
/* End PBXProject section */

/* Begin PBXResourcesBuildPhase section */
		1146CE59260E5D460079499F /* Resources */ = {
			isa = PBXResourcesBuildPhase;
			buildActionMask = 2147483647;
			files = (
				1146CE66260E5D4A0079499F /* Preview Assets.xcassets in Resources */,
				1146CE63260E5D4A0079499F /* Assets.xcassets in Resources */,
				1146CE8A260F63E30079499F /* H4K0R-News.app in Resources */,
			);
			runOnlyForDeploymentPostprocessing = 0;
		};
/* End PBXResourcesBuildPhase section */

/* Begin PBXSourcesBuildPhase section */
		1146CE57260E5D460079499F /* Sources */ = {
			isa = PBXSourcesBuildPhase;
			buildActionMask = 2147483647;
			files = (
				1146CE74260E6C1D0079499F /* PostData.swift in Sources */,
				1166C428260F83AB00E5EFD0 /* ContentView.swift in Sources */,
				1146CE5F260E5D460079499F /* H4K0R_NewsApp.swift in Sources */,
				1166C42B260FE20200E5EFD0 /* WebView.swift in Sources */,
				1146CE80260E8B730079499F /* DetailView.swift in Sources */,
				1146CE70260E64930079499F /* NetworkManager.swift in Sources */,
			);
			runOnlyForDeploymentPostprocessing = 0;
		};
/* End PBXSourcesBuildPhase section */

/* Begin XCBuildConfiguration section */
		1146CE68260E5D4A0079499F /* Debug */ = {
			isa = XCBuildConfiguration;
			buildSettings = {
				ALWAYS_SEARCH_USER_PATHS = NO;
				CLANG_ANALYZER_NONNULL = YES;
				CLANG_ANALYZER_NUMBER_OBJECT_CONVERSION = YES_AGGRESSIVE;
				CLANG_CXX_LANGUAGE_STANDARD = "gnu++14";
				CLANG_CXX_LIBRARY = "libc++";
				CLANG_ENABLE_MODULES = YES;
				CLANG_ENABLE_OBJC_ARC = YES;
				CLANG_ENABLE_OBJC_WEAK = YES;
				CLANG_WARN_BLOCK_CAPTURE_AUTORELEASING = YES;
				CLANG_WARN_BOOL_CONVERSION = YES;
				CLANG_WARN_COMMA = YES;
				CLANG_WARN_CONSTANT_CONVERSION = YES;
				CLANG_WARN_DEPRECATED_OBJC_IMPLEMENTATIONS = YES;
				CLANG_WARN_DIRECT_OBJC_ISA_USAGE = YES_ERROR;
				CLANG_WARN_DOCUMENTATION_COMMENTS = YES;
				CLANG_WARN_EMPTY_BODY = YES;
				CLANG_WARN_ENUM_CONVERSION = YES;
				CLANG_WARN_INFINITE_RECURSION = YES;
				CLANG_WARN_INT_CONVERSION = YES;
				CLANG_WARN_NON_LITERAL_NULL_CONVERSION = YES;
				CLANG_WARN_OBJC_IMPLICIT_RETAIN_SELF = YES;
				CLANG_WARN_OBJC_LITERAL_CONVERSION = YES;
				CLANG_WARN_OBJC_ROOT_CLASS = YES_ERROR;
				CLANG_WARN_QUOTED_INCLUDE_IN_FRAMEWORK_HEADER = YES;
				CLANG_WARN_RANGE_LOOP_ANALYSIS = YES;
				CLANG_WARN_STRICT_PROTOTYPES = YES;
				CLANG_WARN_SUSPICIOUS_MOVE = YES;
				CLANG_WARN_UNGUARDED_AVAILABILITY = YES_AGGRESSIVE;
				CLANG_WARN_UNREACHABLE_CODE = YES;
				CLANG_WARN__DUPLICATE_METHOD_MATCH = YES;
				COPY_PHASE_STRIP = NO;
				DEBUG_INFORMATION_FORMAT = dwarf;
				ENABLE_STRICT_OBJC_MSGSEND = YES;
				ENABLE_TESTABILITY = YES;
				GCC_C_LANGUAGE_STANDARD = gnu11;
				GCC_DYNAMIC_NO_PIC = NO;
				GCC_NO_COMMON_BLOCKS = YES;
				GCC_OPTIMIZATION_LEVEL = 0;
				GCC_PREPROCESSOR_DEFINITIONS = (
					"DEBUG=1",
					"$(inherited)",
				);
				GCC_WARN_64_TO_32_BIT_CONVERSION = YES;
				GCC_WARN_ABOUT_RETURN_TYPE = YES_ERROR;
				GCC_WARN_UNDECLARED_SELECTOR = YES;
				GCC_WARN_UNINITIALIZED_AUTOS = YES_AGGRESSIVE;
				GCC_WARN_UNUSED_FUNCTION = YES;
				GCC_WARN_UNUSED_VARIABLE = YES;
				IPHONEOS_DEPLOYMENT_TARGET = 14.4;
				MTL_ENABLE_DEBUG_INFO = INCLUDE_SOURCE;
				MTL_FAST_MATH = YES;
				ONLY_ACTIVE_ARCH = YES;
				SDKROOT = iphoneos;
				SWIFT_ACTIVE_COMPILATION_CONDITIONS = DEBUG;
				SWIFT_OPTIMIZATION_LEVEL = "-Onone";
			};
			name = Debug;
		};
		1146CE69260E5D4A0079499F /* Release */ = {
			isa = XCBuildConfiguration;
			buildSettings = {
				ALWAYS_SEARCH_USER_PATHS = NO;
				CLANG_ANALYZER_NONNULL = YES;
				CLANG_ANALYZER_NUMBER_OBJECT_CONVERSION = YES_AGGRESSIVE;
				CLANG_CXX_LANGUAGE_STANDARD = "gnu++14";
				CLANG_CXX_LIBRARY = "libc++";
				CLANG_ENABLE_MODULES = YES;
				CLANG_ENABLE_OBJC_ARC = YES;
				CLANG_ENABLE_OBJC_WEAK = YES;
				CLANG_WARN_BLOCK_CAPTURE_AUTORELEASING = YES;
				CLANG_WARN_BOOL_CONVERSION = YES;
				CLANG_WARN_COMMA = YES;
				CLANG_WARN_CONSTANT_CONVERSION = YES;
				CLANG_WARN_DEPRECATED_OBJC_IMPLEMENTATIONS = YES;
				CLANG_WARN_DIRECT_OBJC_ISA_USAGE = YES_ERROR;
				CLANG_WARN_DOCUMENTATION_COMMENTS = YES;
				CLANG_WARN_EMPTY_BODY = YES;
				CLANG_WARN_ENUM_CONVERSION = YES;
				CLANG_WARN_INFINITE_RECURSION = YES;
				CLANG_WARN_INT_CONVERSION = YES;
				CLANG_WARN_NON_LITERAL_NULL_CONVERSION = YES;
				CLANG_WARN_OBJC_IMPLICIT_RETAIN_SELF = YES;
				CLANG_WARN_OBJC_LITERAL_CONVERSION = YES;
				CLANG_WARN_OBJC_ROOT_CLASS = YES_ERROR;
				CLANG_WARN_QUOTED_INCLUDE_IN_FRAMEWORK_HEADER = YES;
				CLANG_WARN_RANGE_LOOP_ANALYSIS = YES;
				CLANG_WARN_STRICT_PROTOTYPES = YES;
				CLANG_WARN_SUSPICIOUS_MOVE = YES;
				CLANG_WARN_UNGUARDED_AVAILABILITY = YES_AGGRESSIVE;
				CLANG_WARN_UNREACHABLE_CODE = YES;
				CLANG_WARN__DUPLICATE_METHOD_MATCH = YES;
				COPY_PHASE_STRIP = NO;
				DEBUG_INFORMATION_FORMAT = "dwarf-with-dsym";
				ENABLE_NS_ASSERTIONS = NO;
				ENABLE_STRICT_OBJC_MSGSEND = YES;
				GCC_C_LANGUAGE_STANDARD = gnu11;
				GCC_NO_COMMON_BLOCKS = YES;
				GCC_WARN_64_TO_32_BIT_CONVERSION = YES;
				GCC_WARN_ABOUT_RETURN_TYPE = YES_ERROR;
				GCC_WARN_UNDECLARED_SELECTOR = YES;
				GCC_WARN_UNINITIALIZED_AUTOS = YES_AGGRESSIVE;
				GCC_WARN_UNUSED_FUNCTION = YES;
				GCC_WARN_UNUSED_VARIABLE = YES;
				IPHONEOS_DEPLOYMENT_TARGET = 14.4;
				MTL_ENABLE_DEBUG_INFO = NO;
				MTL_FAST_MATH = YES;
				SDKROOT = iphoneos;
				SWIFT_COMPILATION_MODE = wholemodule;
				SWIFT_OPTIMIZATION_LEVEL = "-O";
				VALIDATE_PRODUCT = YES;
			};
			name = Release;
		};
		1146CE6B260E5D4A0079499F /* Debug */ = {
			isa = XCBuildConfiguration;
			buildSettings = {
				ASSETCATALOG_COMPILER_APPICON_NAME = AppIcon;
				ASSETCATALOG_COMPILER_GLOBAL_ACCENT_COLOR_NAME = AccentColor;
				CODE_SIGN_STYLE = Automatic;
				DEVELOPMENT_ASSET_PATHS = "\"H4K0R-News/Preview Content\"";
				DEVELOPMENT_TEAM = ZS6Q2VN8AB;
				ENABLE_PREVIEWS = YES;
				INFOPLIST_FILE = "H4K0R-News/Info.plist";
				IPHONEOS_DEPLOYMENT_TARGET = 14.0;
				LD_RUNPATH_SEARCH_PATHS = (
					"$(inherited)",
					"@executable_path/Frameworks",
				);
				PRODUCT_BUNDLE_IDENTIFIER = "com.vikimarkova.H4K0R-News";
				PRODUCT_NAME = "$(TARGET_NAME)";
				SWIFT_VERSION = 5.0;
				TARGETED_DEVICE_FAMILY = "1,2";
			};
			name = Debug;
		};
		1146CE6C260E5D4A0079499F /* Release */ = {
			isa = XCBuildConfiguration;
			buildSettings = {
				ASSETCATALOG_COMPILER_APPICON_NAME = AppIcon;
				ASSETCATALOG_COMPILER_GLOBAL_ACCENT_COLOR_NAME = AccentColor;
				CODE_SIGN_STYLE = Automatic;
				DEVELOPMENT_ASSET_PATHS = "\"H4K0R-News/Preview Content\"";
				DEVELOPMENT_TEAM = ZS6Q2VN8AB;
				ENABLE_PREVIEWS = YES;
				INFOPLIST_FILE = "H4K0R-News/Info.plist";
				IPHONEOS_DEPLOYMENT_TARGET = 14.0;
				LD_RUNPATH_SEARCH_PATHS = (
					"$(inherited)",
					"@executable_path/Frameworks",
				);
				PRODUCT_BUNDLE_IDENTIFIER = "com.vikimarkova.H4K0R-News";
				PRODUCT_NAME = "$(TARGET_NAME)";
				SWIFT_VERSION = 5.0;
				TARGETED_DEVICE_FAMILY = "1,2";
			};
			name = Release;
		};
/* End XCBuildConfiguration section */

/* Begin XCConfigurationList section */
		1146CE56260E5D460079499F /* Build configuration list for PBXProject "H4K0R-News" */ = {
			isa = XCConfigurationList;
			buildConfigurations = (
				1146CE68260E5D4A0079499F /* Debug */,
				1146CE69260E5D4A0079499F /* Release */,
			);
			defaultConfigurationIsVisible = 0;
			defaultConfigurationName = Release;
		};
		1146CE6A260E5D4A0079499F /* Build configuration list for PBXNativeTarget "H4K0R-News" */ = {
			isa = XCConfigurationList;
			buildConfigurations = (
				1146CE6B260E5D4A0079499F /* Debug */,
				1146CE6C260E5D4A0079499F /* Release */,
			);
			defaultConfigurationIsVisible = 0;
			defaultConfigurationName = Release;
		};
/* End XCConfigurationList section */
	};
	rootObject = 1146CE53260E5D460079499F /* Project object */;
}
